[root]
name = "wmutils-rust"
version = "0.1.0"
dependencies = [
 "monster 0.1.19 (registry+https://github.com/rust-lang/crates.io-index)",
 "xcb 0.7.1 (git+https://github.com/rtbo/rust-xcb.git)",
]

[[package]]
name = "libc"
version = "0.2.9"
source = "registry+https://github.com/rust-lang/crates.io-index"

[[package]]
name = "log"
version = "0.3.5"
source = "registry+https://github.com/rust-lang/crates.io-index"
dependencies = [
 "libc 0.2.9 (registry+https://github.com/rust-lang/crates.io-index)",
]

[[package]]
name = "monster"
version = "0.1.19"
source = "registry+https://github.com/rust-lang/crates.io-index"

[[package]]
name = "xcb"
version = "0.7.1"
source = "git+https://github.com/rtbo/rust-xcb.git#a9b42150156fe2b9a6746670b19f2044ecebadff"
dependencies = [
 "libc 0.2.9 (registry+https://github.com/rust-lang/crates.io-index)",
 "log 0.3.5 (registry+https://github.com/rust-lang/crates.io-index)",
]

